
Microsoft Visual Studio Solution File, Format Version 12.00
# Visual Studio 15
VisualStudioVersion = 15.0.28307.102
MinimumVisualStudioVersion = 10.0.40219.1
Project("{8BC9CEB8-8B4A-11D0-8D11-00A0C91BC942}") = "Volga", "Volga\Volga.vcxproj", "{32E09285-E6AE-4119-B1EE-DDC38EBD7176}"
EndProject
Project("{54435603-DBB4-11D2-8724-00A0C9A8B90C}") = "Setup", "Setup\Setup.vdproj", "{A8665AD9-10DC-4019-A9D6-641E52B841F9}"
EndProject
Global
	GlobalSection(SolutionConfigurationPlatforms) = preSolution
		Debug|x64 = Debug|x64
		Debug|x86 = Debug|x86
		Release|x64 = Release|x64
		Release|x86 = Release|x86
	EndGlobalSection
	GlobalSection(ProjectConfigurationPlatforms) = postSolution
		{32E09285-E6AE-4119-B1EE-DDC38EBD7176}.Debug|x64.ActiveCfg = Debug|x64
		{32E09285-E6AE-4119-B1EE-DDC38EBD7176}.Debug|x64.Build.0 = Debug|x64
		{32E09285-E6AE-4119-B1EE-DDC38EBD7176}.Debug|x86.ActiveCfg = Debug|Win32
		{32E09285-E6AE-4119-B1EE-DDC38EBD7176}.Debug|x86.Build.0 = Debug|Win32
		{32E09285-E6AE-4119-B1EE-DDC38EBD7176}.Release|x64.ActiveCfg = Release|x64
		{32E09285-E6AE-4119-B1EE-DDC38EBD7176}.Release|x64.Build.0 = Release|x64
		{32E09285-E6AE-4119-B1EE-DDC38EBD7176}.Release|x86.ActiveCfg = Release|Win32
		{32E09285-E6AE-4119-B1EE-DDC38EBD7176}.Release|x86.Build.0 = Release|Win32
		{A8665AD9-10DC-4019-A9D6-641E52B841F9}.Debug|x64.ActiveCfg = Debug
		{A8665AD9-10DC-4019-A9D6-641E52B841F9}.Debug|x86.ActiveCfg = Debug
		{A8665AD9-10DC-4019-A9D6-641E52B841F9}.Release|x64.ActiveCfg = Release
		{A8665AD9-10DC-4019-A9D6-641E52B841F9}.Release|x86.ActiveCfg = Release
	EndGlobalSection
	GlobalSection(SolutionProperties) = preSolution
		HideSolutionNode = FALSE
	EndGlobalSection
	GlobalSection(ExtensibilityGlobals) = postSolution
		SolutionGuid = {17D607DC-6E1C-4BDF-BBB7-3ED9E5BC0893}
	EndGlobalSection
EndGlobal
